
Microsoft Visual Studio Solution File, Format Version 12.00
# Visual Studio Version 16
VisualStudioVersion = 16.0.29020.237
MinimumVisualStudioVersion = 10.0.40219.1
Project("{FAE04EC0-301F-11D3-BF4B-00C04F79EFBC}") = "ConsoleApp3", "ConsoleApp3\ConsoleApp3.csproj", "{4AAF019A-435A-44F9-84E7-EA4F90F850CB}"
EndProject
Global
	GlobalSection(SolutionConfigurationPlatforms) = preSolution
		Debug|Any CPU = Debug|Any CPU
		Release|Any CPU = Release|Any CPU
	EndGlobalSection
	GlobalSection(ProjectConfigurationPlatforms) = postSolution
		{4AAF019A-435A-44F9-84E7-EA4F90F850CB}.Debug|Any CPU.ActiveCfg = Debug|Any CPU
		{4AAF019A-435A-44F9-84E7-EA4F90F850CB}.Debug|Any CPU.Build.0 = Debug|Any CPU
		{4AAF019A-435A-44F9-84E7-EA4F90F850CB}.Release|Any CPU.ActiveCfg = Release|Any CPU
		{4AAF019A-435A-44F9-84E7-EA4F90F850CB}.Release|Any CPU.Build.0 = Release|Any CPU
	EndGlobalSection
	GlobalSection(SolutionProperties) = preSolution
		HideSolutionNode = FALSE
	EndGlobalSection
	GlobalSection(ExtensibilityGlobals) = postSolution
		SolutionGuid = {2C456686-CC8E-4D90-92E7-50D755B7BCC9}
	EndGlobalSection
EndGlobal
